
Microsoft Visual Studio Solution File, Format Version 12.00
Project("{FAE04EC0-301F-11D3-BF4B-00C04F79EFBC}") = "TalkStream-API", "TalkStream-API.csproj", "{12218807-D74B-4CA5-B375-F65E3DE170DF}"
EndProject
Global
	GlobalSection(SolutionConfigurationPlatforms) = preSolution
		Debug|Any CPU = Debug|Any CPU
		Release|Any CPU = Release|Any CPU
	EndGlobalSection
	GlobalSection(ProjectConfigurationPlatforms) = postSolution
		{12218807-D74B-4CA5-B375-F65E3DE170DF}.Debug|Any CPU.ActiveCfg = Debug|Any CPU
		{12218807-D74B-4CA5-B375-F65E3DE170DF}.Debug|Any CPU.Build.0 = Debug|Any CPU
		{12218807-D74B-4CA5-B375-F65E3DE170DF}.Release|Any CPU.ActiveCfg = Release|Any CPU
		{12218807-D74B-4CA5-B375-F65E3DE170DF}.Release|Any CPU.Build.0 = Release|Any CPU
	EndGlobalSection
EndGlobal
